
Microsoft Visual Studio Solution File, Format Version 12.00
# Visual Studio Version 16
VisualStudioVersion = 16.0.31129.286
MinimumVisualStudioVersion = 10.0.40219.1
Project("{FAE04EC0-301F-11D3-BF4B-00C04F79EFBC}") = "HelloToDo", "HelloToDo\HelloToDo.csproj", "{263CED7A-E72D-455B-ACFA-DB56E6F16871}"
EndProject
Project("{FAE04EC0-301F-11D3-BF4B-00C04F79EFBC}") = "HelloToDo.Terminal", "HelloToDo.Terminal\HelloToDo.Terminal.csproj", "{8A525A16-6E80-4ED1-B0A7-E4A373B3967D}"
EndProject
Global
	GlobalSection(SolutionConfigurationPlatforms) = preSolution
		Debug|Any CPU = Debug|Any CPU
		Release|Any CPU = Release|Any CPU
	EndGlobalSection
	GlobalSection(ProjectConfigurationPlatforms) = postSolution
		{263CED7A-E72D-455B-ACFA-DB56E6F16871}.Debug|Any CPU.ActiveCfg = Debug|Any CPU
		{263CED7A-E72D-455B-ACFA-DB56E6F16871}.Debug|Any CPU.Build.0 = Debug|Any CPU
		{263CED7A-E72D-455B-ACFA-DB56E6F16871}.Release|Any CPU.ActiveCfg = Release|Any CPU
		{263CED7A-E72D-455B-ACFA-DB56E6F16871}.Release|Any CPU.Build.0 = Release|Any CPU
		{8A525A16-6E80-4ED1-B0A7-E4A373B3967D}.Debug|Any CPU.ActiveCfg = Debug|Any CPU
		{8A525A16-6E80-4ED1-B0A7-E4A373B3967D}.Debug|Any CPU.Build.0 = Debug|Any CPU
		{8A525A16-6E80-4ED1-B0A7-E4A373B3967D}.Release|Any CPU.ActiveCfg = Release|Any CPU
		{8A525A16-6E80-4ED1-B0A7-E4A373B3967D}.Release|Any CPU.Build.0 = Release|Any CPU
	EndGlobalSection
	GlobalSection(SolutionProperties) = preSolution
		HideSolutionNode = FALSE
	EndGlobalSection
	GlobalSection(ExtensibilityGlobals) = postSolution
		SolutionGuid = {B8356DAC-0529-4C20-851B-F8E5774FBD80}
	EndGlobalSection
EndGlobal
